
Microsoft Visual Studio Solution File, Format Version 12.00
# Visual Studio Version 16
VisualStudioVersion = 16.0.30907.101
MinimumVisualStudioVersion = 10.0.40219.1
Project("{FAE04EC0-301F-11D3-BF4B-00C04F79EFBC}") = "CursoMVC", "CursoMVC\CursoMVC.csproj", "{0277DAB0-C902-4AFC-90DC-11997656AB31}"
EndProject
Global
	GlobalSection(SolutionConfigurationPlatforms) = preSolution
		Debug|Any CPU = Debug|Any CPU
		Release|Any CPU = Release|Any CPU
	EndGlobalSection
	GlobalSection(ProjectConfigurationPlatforms) = postSolution
		{0277DAB0-C902-4AFC-90DC-11997656AB31}.Debug|Any CPU.ActiveCfg = Debug|Any CPU
		{0277DAB0-C902-4AFC-90DC-11997656AB31}.Debug|Any CPU.Build.0 = Debug|Any CPU
		{0277DAB0-C902-4AFC-90DC-11997656AB31}.Release|Any CPU.ActiveCfg = Release|Any CPU
		{0277DAB0-C902-4AFC-90DC-11997656AB31}.Release|Any CPU.Build.0 = Release|Any CPU
	EndGlobalSection
	GlobalSection(SolutionProperties) = preSolution
		HideSolutionNode = FALSE
	EndGlobalSection
	GlobalSection(ExtensibilityGlobals) = postSolution
		SolutionGuid = {E885E6C1-F9F1-486C-81C6-5C39B6B69223}
	EndGlobalSection
EndGlobal
